PODS:
  - ReactiveObjC (3.1.1)
  - Tor/Core (407.8.2)
  - Tor/GeoIP (407.8.2):
    - Tor/Core
  - Tor/OCSPCache (407.8.2):
    - ReactiveObjC (~> 3.1.1)
    - Tor/GeoIP

DEPENDENCIES:
  - Tor/GeoIP (from `../`)
  - Tor/OCSPCache (from `../`)

SPEC REPOS:
  trunk:
    - ReactiveObjC

EXTERNAL SOURCES:
  Tor:
    :path: "../"

SPEC CHECKSUMS:
  ReactiveObjC: 011caa393aa0383245f2dcf9bf02e86b80b36040
  Tor: b25bb7737f1e0e525c5135dd2a4070e0148f11ec

PODFILE CHECKSUM: a28cf740c8c1601f947c7affcac06e84da40e93f

COCOAPODS: 1.11.3
